PODS:
  - Kingfisher (5.14.0):
    - Kingfisher/Core (= 5.14.0)
  - Kingfisher/Core (5.14.0)
  - ReachabilitySwift (5.0.0)
  - Toast-Swift (5.0.1)

DEPENDENCIES:
  - Kingfisher
  - ReachabilitySwift
  - Toast-Swift

SPEC REPOS:
  trunk:
    - Kingfisher
    - ReachabilitySwift
    - Toast-Swift

SPEC CHECKSUMS:
  Kingfisher: 7b64389a43139c903ec434788344c288217c792d
  ReachabilitySwift: 985039c6f7b23a1da463388634119492ff86c825
  Toast-Swift: 9b6a70f28b3bf0b96c40d46c0c4b9d6639846711

PODFILE CHECKSUM: a7d553006e0ffbf362ab9b9114e497700e2c1d29

COCOAPODS: 1.9.3
